version = 1
revision = 3
requires-python = "==3.10.*"

[[package]]
name = "annotated-doc"
version = "0.0.4"
source = { registry = "https://pypi.org/simple" }
sdist = { url = "https://files.pythonhosted.org/packages/57/ba/046ceea27344560984e26a590f90bc7f4a75b06701f653222458922b558c/annotated_doc-0.0.4.tar.gz", hash = "sha256:fbcda96e87e9c92ad167c2e53839e57503ecfda18804ea28102353485033faa4", size = 7288, upload-time = "2025-11-10T22:07:42.062Z" }
wheels = [
    { url = "https://files.pythonhosted.org/packages/1e/d3/26bf1008eb3d2daa8ef4cacc7f3bfdc11818d111f7e2d0201bc6e3b49d45/annotated_doc-0.0.4-py3-none-any.whl", hash = "sha256:571ac1dc6991c450b25a9c2d84a3705e2ae7a53467b5d111c24fa8baabbed320", size = 5303, upload-time = "2025-11-10T22:07:40.673Z" },
]

[[package]]
name = "annotated-types"
version = "0.7.0"
source = { registry = "https://pypi.org/simple" }
sdist = { url = "https://files.pythonhosted.org/packages/ee/67/531ea369ba64dcff5ec9c3402f9f51bf748cec26dde048a2f973a4eea7f5/annotated_types-0.7.0.tar.gz", hash = "sha256:aff07c09a53a08bc8cfccb9c85b05f1aa9a2a6f23728d790723543408344ce89", size = 16081, upload-time = "2024-05-20T21:33:25.928Z" }
wheels = [
    { url = "https://files.pythonhosted.org/packages/78/b6/6307fbef88d9b5ee7421e68d78a9f162e0da4900bc5f5793f6d3d0e34fb8/annotated_types-0.7.0-py3-none-any.whl", hash = "sha256:1f02e8b43a8fbbc3f3e0d4f0f4bfc8131bcb4eebe8849b8e5c773f3a1c582a53", size = 13643, upload-time = "2024-05-20T21:33:24.1Z" },
]

[[package]]
name = "cffi"
version = "2.0.0"
source = { registry = "https://pypi.org/simple" }
dependencies = [
    { name = "pycparser", marker = "implementation_name != 'PyPy'" },
]
sdist = { url = "https://files.pythonhosted.org/packages/eb/56/b1ba7935a17738ae8453301356628e8147c79dbb825bcbc73dc7401f9846/cffi-2.0.0.tar.gz", hash = "sha256:44d1b5909021139fe36001ae048dbdde8214afa20200eda0f64c068cac5d5529", size = 523588, upload-time = "2025-09-08T23:24:04.541Z" }
wheels = [
    { url = "https://files.pythonhosted.org/packages/93/d7/516d984057745a6cd96575eea814fe1edd6646ee6efd552fb7b0921dec83/cffi-2.0.0-cp310-cp310-macosx_10_13_x86_64.whl", hash = "sha256:0cf2d91ecc3fcc0625c2c530fe004f82c110405f101548512cce44322fa8ac44", size = 184283, upload-time = "2025-09-08T23:22:08.01Z" },
    { url = "https://files.pythonhosted.org/packages/9e/84/ad6a0b408daa859246f57c03efd28e5dd1b33c21737c2db84cae8c237aa5/cffi-2.0.0-cp310-cp310-macosx_11_0_arm64.whl", hash = "sha256:f73b96c41e3b2adedc34a7356e64c8eb96e03a3782b535e043a986276ce12a49", size = 180504, upload-time = "2025-09-08T23:22:10.637Z" },
    { url = "https://files.pythonhosted.org/packages/50/bd/b1a6362b80628111e6653c961f987faa55262b4002fcec42308cad1db680/cffi-2.0.0-cp310-cp310-manylinux1_i686.manylinux2014_i686.manylinux_2_17_i686.manylinux_2_5_i686.whl", hash = "sha256:53f77cbe57044e88bbd5ed26ac1d0514d2acf0591dd6bb02a3ae37f76811b80c", size = 208811, upload-time = "2025-09-08T23:22:12.267Z" },
    { url = "https://files.pythonhosted.org/packages/4f/27/6933a8b2562d7bd1fb595074cf99cc81fc3789f6a6c05cdabb46284a3188/cffi-2.0.0-cp310-cp310-manylinux2014_aarch64.manylinux_2_17_aarch64.whl", hash = "sha256:3e837e369566884707ddaf85fc1744b47575005c0a229de3327f8f9a20f4efeb", size = 216402, upload-time = "2025-09-08T23:22:13.455Z" },
    { url = "https://files.pythonhosted.org/packages/05/eb/b86f2a2645b62adcfff53b0dd97e8dfafb5c8aa864bd0d9a2c2049a0d551/cffi-2.0.0-cp310-cp310-manylinux2014_ppc64le.manylinux_2_17_ppc64le.whl", hash = "sha256:5eda85d6d1879e692d546a078b44251cdd08dd1cfb98dfb77b670c97cee49ea0", size = 203217, upload-time = "2025-09-08T23:22:14.596Z" },
    { url = "https://files.pythonhosted.org/packages/9f/e0/6cbe77a53acf5acc7c08cc186c9928864bd7c005f9efd0d126884858a5fe/cffi-2.0.0-cp310-cp310-manylinux2014_s390x.manylinux_2_17_s390x.whl", hash = "sha256:9332088d75dc3241c702d852d4671613136d90fa6881da7d770a483fd05248b4", size = 203079, upload-time = "2025-09-08T23:22:15.769Z" },
    { url = "https://files.pythonhosted.org/packages/98/29/9b366e70e243eb3d14a5cb488dfd3a0b6b2f1fb001a203f653b93ccfac88/cffi-2.0.0-cp310-cp310-manylinux2014_x86_64.manylinux_2_17_x86_64.whl", hash = "sha256:fc7de24befaeae77ba923797c7c87834c73648a05a4bde34b3b7e5588973a453", size = 216475, upload-time = "2025-09-08T23:22:17.427Z" },
    { url = "https://files.pythonhosted.org/packages/21/7a/13b24e70d2f90a322f2900c5d8e1f14fa7e2a6b3332b7309ba7b2ba51a5a/cffi-2.0.0-cp310-cp310-musllinux_1_2_aarch64.whl", hash = "sha256:cf364028c016c03078a23b503f02058f1814320a56ad535686f90565636a9495", size = 218829, upload-time = "2025-09-08T23:22:19.069Z" },
    { url = "https://files.pythonhosted.org/packages/60/99/c9dc110974c59cc981b1f5b66e1d8af8af764e00f0293266824d9c4254bc/cffi-2.0.0-cp310-cp310-musllinux_1_2_i686.whl", hash = "sha256:e11e82b744887154b182fd3e7e8512418446501191994dbf9c9fc1f32cc8efd5", size = 211211, upload-time = "2025-09-08T23:22:20.588Z" },
    { url = "https://files.pythonhosted.org/packages/49/72/ff2d12dbf21aca1b32a40ed792ee6b40f6dc3a9cf1644bd7ef6e95e0ac5e/cffi-2.0.0-cp310-cp310-musllinux_1_2_x86_64.whl", hash = "sha256:8ea985900c5c95ce9db1745f7933eeef5d314f0565b27625d9a10ec9881e1bfb", size = 218036, upload-time = "2025-09-08T23:22:22.143Z" },
    { url = "https://files.pythonhosted.org/packages/e2/cc/027d7fb82e58c48ea717149b03bcadcbdc293553edb283af792bd4bcbb3f/cffi-2.0.0-cp310-cp310-win32.whl", hash = "sha256:1f72fb8906754ac8a2cc3f9f5aaa298070652a0ffae577e0ea9bd480dc3c931a", size = 172184, upload-time = "2025-09-08T23:22:23.328Z" },
    { url = "https://files.pythonhosted.org/packages/33/fa/072dd15ae27fbb4e06b437eb6e944e75b068deb09e2a2826039e49ee2045/cffi-2.0.0-cp310-cp310-win_amd64.whl", hash = "sha256:b18a3ed7d5b3bd8d9ef7a8cb226502c6bf8308df1525e1cc676c3680e7176739", size = 182790, upload-time = "2025-09-08T23:22:24.752Z" },
]

[[package]]
name = "click"
version = "8.3.2"
source = { registry = "https://pypi.org/simple" }
dependencies = [
    { name = "colorama", marker = "sys_platform == 'win32'" },
]
sdist = { url = "https://files.pythonhosted.org/packages/57/75/31212c6bf2503fdf920d87fee5d7a86a2e3bcf444984126f13d8e4016804/click-8.3.2.tar.gz", hash = "sha256:14162b8b3b3550a7d479eafa77dfd3c38d9dc8951f6f69c78913a8f9a7540fd5", size = 302856, upload-time = "2026-04-03T19:14:45.118Z" }
wheels = [
    { url = "https://files.pythonhosted.org/packages/e4/20/71885d8b97d4f3dde17b1fdb92dbd4908b00541c5a3379787137285f602e/click-8.3.2-py3-none-any.whl", hash = "sha256:1924d2c27c5653561cd2cae4548d1406039cb79b858b747cfea24924bbc1616d", size = 108379, upload-time = "2026-04-03T19:14:43.505Z" },
]

[[package]]
name = "colorama"
version = "0.4.6"
source = { registry = "https://pypi.org/simple" }
sdist = { url = "https://files.pythonhosted.org/packages/d8/53/6f443c9a4a8358a93a6792e2acffb9d9d5cb0a5cfd8802644b7b1c9a02e4/colorama-0.4.6.tar.gz", hash = "sha256:08695f5cb7ed6e0531a20572697297273c47b8cae5a63ffc6d6ed5c201be6e44", size = 27697, upload-time = "2022-10-25T02:36:22.414Z" }
wheels = [
    { url = "https://files.pythonhosted.org/packages/d1/d6/3965ed04c63042e047cb6a3e6ed1a63a35087b6a609aa3a15ed8ac56c221/colorama-0.4.6-py2.py3-none-any.whl", hash = "sha256:4f1d9991f5acc0ca119f9d443620b77f9d6b33703e51011c16baf57afb285fc6", size = 25335, upload-time = "2022-10-25T02:36:20.889Z" },
]

[[package]]
name = "exceptiongroup"
version = "1.3.1"
source = { registry = "https://pypi.org/simple" }
dependencies = [
    { name = "typing-extensions" },
]
sdist = { url = "https://files.pythonhosted.org/packages/50/79/66800aadf48771f6b62f7eb014e352e5d06856655206165d775e675a02c9/exceptiongroup-1.3.1.tar.gz", hash = "sha256:8b412432c6055b0b7d14c310000ae93352ed6754f70fa8f7c34141f91c4e3219", size = 30371, upload-time = "2025-11-21T23:01:54.787Z" }
wheels = [
    { url = "https://files.pythonhosted.org/packages/8a/0e/97c33bf5009bdbac74fd2beace167cab3f978feb69cc36f1ef79360d6c4e/exceptiongroup-1.3.1-py3-none-any.whl", hash = "sha256:a7a39a3bd276781e98394987d3a5701d0c4edffb633bb7a5144577f82c773598", size = 16740, upload-time = "2025-11-21T23:01:53.443Z" },
]

[[package]]
name = "iniconfig"
version = "2.3.0"
source = { registry = "https://pypi.org/simple" }
sdist = { url = "https://files.pythonhosted.org/packages/72/34/14ca021ce8e5dfedc35312d08ba8bf51fdd999c576889fc2c24cb97f4f10/iniconfig-2.3.0.tar.gz", hash = "sha256:c76315c77db068650d49c5b56314774a7804df16fee4402c1f19d6d15d8c4730", size = 20503, upload-time = "2025-10-18T21:55:43.219Z" }
wheels = [
    { url = "https://files.pythonhosted.org/packages/cb/b1/3846dd7f199d53cb17f49cba7e651e9ce294d8497c8c150530ed11865bb8/iniconfig-2.3.0-py3-none-any.whl", hash = "sha256:f631c04d2c48c52b84d0d0549c99ff3859c98df65b3101406327ecc7d53fbf12", size = 7484, upload-time = "2025-10-18T21:55:41.639Z" },
]

[[package]]
name = "markdown-it-py"
version = "4.0.0"
source = { registry = "https://pypi.org/simple" }
dependencies = [
    { name = "mdurl" },
]
sdist = { url = "https://files.pythonhosted.org/packages/5b/f5/4ec618ed16cc4f8fb3b701563655a69816155e79e24a17b651541804721d/markdown_it_py-4.0.0.tar.gz", hash = "sha256:cb0a2b4aa34f932c007117b194e945bd74e0ec24133ceb5bac59009cda1cb9f3", size = 73070, upload-time = "2025-08-11T12:57:52.854Z" }
wheels = [
    { url = "https://files.pythonhosted.org/packages/94/54/e7d793b573f298e1c9013b8c4dade17d481164aa517d1d7148619c2cedbf/markdown_it_py-4.0.0-py3-none-any.whl", hash = "sha256:87327c59b172c5011896038353a81343b6754500a08cd7a4973bb48c6d578147", size = 87321, upload-time = "2025-08-11T12:57:51.923Z" },
]

[[package]]
name = "mdurl"
version = "0.1.2"
source = { registry = "https://pypi.org/simple" }
sdist = { url = "https://files.pythonhosted.org/packages/d6/54/cfe61301667036ec958cb99bd3efefba235e65cdeb9c84d24a8293ba1d90/mdurl-0.1.2.tar.gz", hash = "sha256:bb413d29f5eea38f31dd4754dd7377d4465116fb207585f97bf925588687c1ba", size = 8729, upload-time = "2022-08-14T12:40:10.846Z" }
wheels = [
    { url = "https://files.pythonhosted.org/packages/b3/38/89ba8ad64ae25be8de66a6d463314cf1eb366222074cfda9ee839c56a4b4/mdurl-0.1.2-py3-none-any.whl", hash = "sha256:84008a41e51615a49fc9966191ff91509e3c40b939176e643fd50a5c2196b8f8", size = 9979, upload-time = "2022-08-14T12:40:09.779Z" },
]

[[package]]
name = "numpy"
version = "2.2.6"
source = { registry = "https://pypi.org/simple" }
sdist = { url = "https://files.pythonhosted.org/packages/76/21/7d2a95e4bba9dc13d043ee156a356c0a8f0c6309dff6b21b4d71a073b8a8/numpy-2.2.6.tar.gz", hash = "sha256:e29554e2bef54a90aa5cc07da6ce955accb83f21ab5de01a62c8478897b264fd", size = 20276440, upload-time = "2025-05-17T22:38:04.611Z" }
wheels = [
    { url = "https://files.pythonhosted.org/packages/9a/3e/ed6db5be21ce87955c0cbd3009f2803f59fa08df21b5df06862e2d8e2bdd/numpy-2.2.6-cp310-cp310-macosx_10_9_x86_64.whl", hash = "sha256:b412caa66f72040e6d268491a59f2c43bf03eb6c96dd8f0307829feb7fa2b6fb", size = 21165245, upload-time = "2025-05-17T21:27:58.555Z" },
    { url = "https://files.pythonhosted.org/packages/22/c2/4b9221495b2a132cc9d2eb862e21d42a009f5a60e45fc44b00118c174bff/numpy-2.2.6-cp310-cp310-macosx_11_0_arm64.whl", hash = "sha256:8e41fd67c52b86603a91c1a505ebaef50b3314de0213461c7a6e99c9a3beff90", size = 14360048, upload-time = "2025-05-17T21:28:21.406Z" },
    { url = "https://files.pythonhosted.org/packages/fd/77/dc2fcfc66943c6410e2bf598062f5959372735ffda175b39906d54f02349/numpy-2.2.6-cp310-cp310-macosx_14_0_arm64.whl", hash = "sha256:37e990a01ae6ec7fe7fa1c26c55ecb672dd98b19c3d0e1d1f326fa13cb38d163", size = 5340542, upload-time = "2025-05-17T21:28:30.931Z" },
    { url = "https://files.pythonhosted.org/packages/7a/4f/1cb5fdc353a5f5cc7feb692db9b8ec2c3d6405453f982435efc52561df58/numpy-2.2.6-cp310-cp310-macosx_14_0_x86_64.whl", hash = "sha256:5a6429d4be8ca66d889b7cf70f536a397dc45ba6faeb5f8c5427935d9592e9cf", size = 6878301, upload-time = "2025-05-17T21:28:41.613Z" },
    { url = "https://files.pythonhosted.org/packages/eb/17/96a3acd228cec142fcb8723bd3cc39c2a474f7dcf0a5d16731980bcafa95/numpy-2.2.6-cp310-cp310-manylinux_2_17_aarch64.manylinux2014_aarch64.whl", hash = "sha256:efd28d4e9cd7d7a8d39074a4d44c63eda73401580c5c76acda2ce969e0a38e83", size = 14297320, upload-time = "2025-05-17T21:29:02.78Z" },
    { url = "https://files.pythonhosted.org/packages/b4/63/3de6a34ad7ad6646ac7d2f55ebc6ad439dbbf9c4370017c50cf403fb19b5/numpy-2.2.6-cp310-cp310-manylinux_2_17_x86_64.manylinux2014_x86_64.whl", hash = "sha256:fc7b73d02efb0e18c000e9ad8b83480dfcd5dfd11065997ed4c6747470ae8915", size = 16801050, upload-time = "2025-05-17T21:29:27.675Z" },
    { url = "https://files.pythonhosted.org/packages/07/b6/89d837eddef52b3d0cec5c6ba0456c1bf1b9ef6a6672fc2b7873c3ec4e2e/numpy-2.2.6-cp310-cp310-musllinux_1_2_aarch64.whl", hash = "sha256:74d4531beb257d2c3f4b261bfb0fc09e0f9ebb8842d82a7b4209415896adc680", size = 15807034, upload-time = "2025-05-17T21:29:51.102Z" },
    { url = "https://files.pythonhosted.org/packages/01/c8/dc6ae86e3c61cfec1f178e5c9f7858584049b6093f843bca541f94120920/numpy-2.2.6-cp310-cp310-musllinux_1_2_x86_64.whl", hash = "sha256:8fc377d995680230e83241d8a96def29f204b5782f371c532579b4f20607a289", size = 18614185, upload-time = "2025-05-17T21:30:18.703Z" },
    { url = "https://files.pythonhosted.org/packages/5b/c5/0064b1b7e7c89137b471ccec1fd2282fceaae0ab3a9550f2568782d80357/numpy-2.2.6-cp310-cp310-win32.whl", hash = "sha256:b093dd74e50a8cba3e873868d9e93a85b78e0daf2e98c6797566ad8044e8363d", size = 6527149, upload-time = "2025-05-17T21:30:29.788Z" },
    { url = "https://files.pythonhosted.org/packages/a3/dd/4b822569d6b96c39d1215dbae0582fd99954dcbcf0c1a13c61783feaca3f/numpy-2.2.6-cp310-cp310-win_amd64.whl", hash = "sha256:f0fd6321b839904e15c46e0d257fdd101dd7f530fe03fd6359c1ea63738703f3", size = 12904620, upload-time = "2025-05-17T21:30:48.994Z" },
    { url = "https://files.pythonhosted.org/packages/9e/3b/d94a75f4dbf1ef5d321523ecac21ef23a3cd2ac8b78ae2aac40873590229/numpy-2.2.6-pp310-pypy310_pp73-macosx_10_15_x86_64.whl", hash = "sha256:0b605b275d7bd0c640cad4e5d30fa701a8d59302e127e5f79138ad62762c3e3d", size = 21040391, upload-time = "2025-05-17T21:44:35.948Z" },
    { url = "https://files.pythonhosted.org/packages/17/f4/09b2fa1b58f0fb4f7c7963a1649c64c4d315752240377ed74d9cd878f7b5/numpy-2.2.6-pp310-pypy310_pp73-macosx_14_0_x86_64.whl", hash = "sha256:7befc596a7dc9da8a337f79802ee8adb30a552a94f792b9c9d18c840055907db", size = 6786754, upload-time = "2025-05-17T21:44:47.446Z" },
    { url = "https://files.pythonhosted.org/packages/af/30/feba75f143bdc868a1cc3f44ccfa6c4b9ec522b36458e738cd00f67b573f/numpy-2.2.6-pp310-pypy310_pp73-manylinux_2_17_x86_64.manylinux2014_x86_64.whl", hash = "sha256:ce47521a4754c8f4593837384bd3424880629f718d87c5d44f8ed763edd63543", size = 16643476, upload-time = "2025-05-17T21:45:11.871Z" },
    { url = "https://files.pythonhosted.org/packages/37/48/ac2a9584402fb6c0cd5b5d1a91dcf176b15760130dd386bbafdbfe3640bf/numpy-2.2.6-pp310-pypy310_pp73-win_amd64.whl", hash = "sha256:d042d24c90c41b54fd506da306759e06e568864df8ec17ccc17e9e884634fd00", size = 12812666, upload-time = "2025-05-17T21:45:31.426Z" },
]

[[package]]
name = "packaging"
version = "26.0"
source = { registry = "https://pypi.org/simple" }
sdist = { url = "https://files.pythonhosted.org/packages/65/ee/299d360cdc32edc7d2cf530f3accf79c4fca01e96ffc950d8a52213bd8e4/packaging-26.0.tar.gz", hash = "sha256:00243ae351a257117b6a241061796684b084ed1c516a08c48a3f7e147a9d80b4", size = 143416, upload-time = "2026-01-21T20:50:39.064Z" }
wheels = [
    { url = "https://files.pythonhosted.org/packages/b7/b9/c538f279a4e237a006a2c98387d081e9eb060d203d8ed34467cc0f0b9b53/packaging-26.0-py3-none-any.whl", hash = "sha256:b36f1fef9334a5588b4166f8bcd26a14e521f2b55e6b9de3aaa80d3ff7a37529", size = 74366, upload-time = "2026-01-21T20:50:37.788Z" },
]

[[package]]
name = "pluggy"
version = "1.6.0"
source = { registry = "https://pypi.org/simple" }
sdist = { url = "https://files.pythonhosted.org/packages/f9/e2/3e91f31a7d2b083fe6ef3fa267035b518369d9511ffab804f839851d2779/pluggy-1.6.0.tar.gz", hash = "sha256:7dcc130b76258d33b90f61b658791dede3486c3e6bfb003ee5c9bfb396dd22f3", size = 69412, upload-time = "2025-05-15T12:30:07.975Z" }
wheels = [
    { url = "https://files.pythonhosted.org/packages/54/20/4d324d65cc6d9205fabedc306948156824eb9f0ee1633355a8f7ec5c66bf/pluggy-1.6.0-py3-none-any.whl", hash = "sha256:e920276dd6813095e9377c0bc5566d94c932c33b27a3e3945d8389c374dd4746", size = 20538, upload-time = "2025-05-15T12:30:06.134Z" },
]

[[package]]
name = "pycparser"
version = "3.0"
source = { registry = "https://pypi.org/simple" }
sdist = { url = "https://files.pythonhosted.org/packages/1b/7d/92392ff7815c21062bea51aa7b87d45576f649f16458d78b7cf94b9ab2e6/pycparser-3.0.tar.gz", hash = "sha256:600f49d217304a5902ac3c37e1281c9fe94e4d0489de643a9504c5cdfdfc6b29", size = 103492, upload-time = "2026-01-21T14:26:51.89Z" }
wheels = [
    { url = "https://files.pythonhosted.org/packages/0c/c3/44f3fbbfa403ea2a7c779186dc20772604442dde72947e7d01069cbe98e3/pycparser-3.0-py3-none-any.whl", hash = "sha256:b727414169a36b7d524c1c3e31839a521725078d7b2ff038656844266160a992", size = 48172, upload-time = "2026-01-21T14:26:50.693Z" },
]

[[package]]
name = "pydantic"
version = "2.13.0"
source = { registry = "https://pypi.org/simple" }
dependencies = [
    { name = "annotated-types" },
    { name = "pydantic-core" },
    { name = "typing-extensions" },
    { name = "typing-inspection" },
]
sdist = { url = "https://files.pythonhosted.org/packages/84/6b/69fd5c7194b21ebde0f8637e2a4ddc766ada29d472bfa6a5ca533d79549a/pydantic-2.13.0.tar.gz", hash = "sha256:b89b575b6e670ebf6e7448c01b41b244f471edd276cd0b6fe02e7e7aca320070", size = 843468, upload-time = "2026-04-13T10:51:35.571Z" }
wheels = [
    { url = "https://files.pythonhosted.org/packages/01/d7/c3a52c61f5b7be648e919005820fbac33028c6149994cd64453f49951c17/pydantic-2.13.0-py3-none-any.whl", hash = "sha256:ab0078b90da5f3e2fd2e71e3d9b457ddcb35d0350854fbda93b451e28d56baaf", size = 471872, upload-time = "2026-04-13T10:51:33.343Z" },
]

[[package]]
name = "pydantic-core"
version = "2.46.0"
source = { registry = "https://pypi.org/simple" }
dependencies = [
    { name = "typing-extensions" },
]
sdist = { url = "https://files.pythonhosted.org/packages/6f/0a/9414cddf82eda3976b14048cc0fa8f5b5d1aecb0b22e1dcd2dbfe0e139b1/pydantic_core-2.46.0.tar.gz", hash = "sha256:82d2498c96be47b47e903e1378d1d0f770097ec56ea953322f39936a7cf34977", size = 471441, upload-time = "2026-04-13T09:06:33.813Z" }
wheels = [
    { url = "https://files.pythonhosted.org/packages/d5/17/fd3ba2f035ac7b3a1ae0c55e5c0f6eb5275e87ad80a9b277cb2e70317e2c/pydantic_core-2.46.0-cp310-cp310-macosx_10_12_x86_64.whl", hash = "sha256:2d449eae37d6b066d8a8be0e3a7d7041712d6e9152869e7d03c203795aae44ed", size = 2122942, upload-time = "2026-04-13T09:04:32.413Z" },
    { url = "https://files.pythonhosted.org/packages/01/b5/214cb10e4050f430f383a21496087c1e51d583eec3c884b0e5f55c34eb69/pydantic_core-2.46.0-cp310-cp310-macosx_11_0_arm64.whl", hash = "sha256:4f7bfc1ffee4ddc03c2db472c7607a238dbbf76f7f64104fc6a623d47fb8e310", size = 1949068, upload-time = "2026-04-13T09:05:28.803Z" },
    { url = "https://files.pythonhosted.org/packages/b4/ab/8ab4ec2a879eead4bb51c3e9af65583e16cc504867e808909cd4f991a5ae/pydantic_core-2.46.0-cp310-cp310-manylinux_2_17_aarch64.manylinux2014_aarch64.whl", hash = "sha256:a30f5d1d4e1c958b44b5c777a0d1adcd930429f35101e4780281ffbe11103925", size = 1974362, upload-time = "2026-04-13T09:05:26.894Z" },
    { url = "https://files.pythonhosted.org/packages/8f/dd/dc8ef47e18ddcab169af68b3c11648e1ef85c56aa18e2f96312cc5442404/pydantic_core-2.46.0-cp310-cp310-manylinux_2_17_armv7l.manylinux2014_armv7l.whl", hash = "sha256:f68e12d2de32ac6313a7d3854f346d71731288184fbbfc9004e368714244d2cd", size = 2043754, upload-time = "2026-04-13T09:04:54.637Z" },
    { url = "https://files.pythonhosted.org/packages/7f/52/69195c8f6549d2b1b9ce0efbb9bf169b47dcb9a60f81ff53a67cb22d8fc7/pydantic_core-2.46.0-cp310-cp310-manylinux_2_17_ppc64le.manylinux2014_ppc64le.whl", hash = "sha256:7d1a058fb5aff8a1a221e7d8a0cf5b0133d069b2f293cb05f174c61bc7cdac34", size = 2230099, upload-time = "2026-04-13T09:04:44.37Z" },
    { url = "https://files.pythonhosted.org/packages/2a/41/48c8e7709604a4230f86f77bc17e1eb575e0894831f2c3beaecb3e8f7583/pydantic_core-2.46.0-cp310-cp310-manylinux_2_17_s390x.manylinux2014_s390x.whl", hash = "sha256:fbd01128431f355e309267283e37e23704f24558e9059d930e213a377b1be919", size = 2293730, upload-time = "2026-04-13T09:04:27.583Z" },
    { url = "https://files.pythonhosted.org/packages/08/ab/f3bc576d37eb3036f7b1b2721ab0f89e4684fab48e1de1d0eca0dfef7469/pydantic_core-2.46.0-cp310-cp310-manylinux_2_17_x86_64.manylinux2014_x86_64.whl", hash = "sha256:7747a50d9f75fe264b9e2091a2f462a7dd400add8723a87a75240106b6f4d949", size = 2095380, upload-time = "2026-04-13T09:04:45.929Z" },
    { url = "https://files.pythonhosted.org/packages/fe/69/0f6e5bd9c5594b41deb91029ad0b16ffe5a270dd412033dd1135a40bbfa3/pydantic_core-2.46.0-cp310-cp310-manylinux_2_31_riscv64.whl", hash = "sha256:1d9b841e9c82a9cdf397a720bb8a4f2d6da6780204e1eb07c2d90c4b5b791b0d", size = 2140115, upload-time = "2026-04-13T09:07:00.944Z" },
    { url = "https://files.pythonhosted.org/packages/28/7c/79cfc18d352797b84a7c5b27171d6557121843729bc637a90550d08370fd/pydantic_core-2.46.0-cp310-cp310-manylinux_2_5_i686.manylinux1_i686.whl", hash = "sha256:61d0f5951b7b86ec24e24fe0c5a2cce7c360830026dfbe004954e8fac9918b95", size = 2183044, upload-time = "2026-04-13T09:03:58.106Z" },
    { url = "https://files.pythonhosted.org/packages/59/bc/701b17bf7fd375e59e03838cffe8f6893498503b7d412d577ffd92dab56c/pydantic_core-2.46.0-cp310-cp310-musllinux_1_1_aarch64.whl", hash = "sha256:aec0be48d2555ceac04905ffb8f2bb7e55a56644858891196191827b6fc656b7", size = 2185277, upload-time = "2026-04-13T09:05:52.482Z" },
    { url = "https://files.pythonhosted.org/packages/c3/43/ad927b8861ab787b4189ddb2dd70ebcdc20c5a4baf52df94934d6f87d730/pydantic_core-2.46.0-cp310-cp310-musllinux_1_1_armv7l.whl", hash = "sha256:2c1ec2ced44a8a479d71a14f5be35461360acd388987873a8e0a02f7f81c8ec2", size = 2329998, upload-time = "2026-04-13T09:05:54.803Z" },
    { url = "https://files.pythonhosted.org/packages/47/33/ad11d56b97ea986f991da998d551a7513d19c06ed05a529e86520430e10e/pydantic_core-2.46.0-cp310-cp310-musllinux_1_1_x86_64.whl", hash = "sha256:5e157a25eed281f5e40119078e3dbf698c28b3d88ff0176eea3dd37191447b8d", size = 2369004, upload-time = "2026-04-13T09:05:14.052Z" },
    { url = "https://files.pythonhosted.org/packages/16/d1/a9a28a122f1227dc13fdd361d77a3f2df4aee64e4ac5693d7ce74a8ecfa4/pydantic_core-2.46.0-cp310-cp310-win32.whl", hash = "sha256:311929d9bfdb9fdbaf28beb39d88a1e36ca6dc5424ceca6d3bf81c9e1da2313c", size = 1982879, upload-time = "2026-04-13T09:05:19.277Z" },
    { url = "https://files.pythonhosted.org/packages/94/9a/52988a743cf7a9d84861e380c6a5496589aebbc3592d9ecdecb13c6bd0a2/pydantic_core-2.46.0-cp310-cp310-win_amd64.whl", hash = "sha256:60edfb53b13fbe7be9bb51447016b7bcd8772beb8ca216873be33e9d11b2c8e8", size = 2068907, upload-time = "2026-04-13T09:03:59.541Z" },
]

[[package]]
name = "pydantic-settings"
version = "2.13.1"
source = { registry = "https://pypi.org/simple" }
dependencies = [
    { name = "pydantic" },
    { name = "python-dotenv" },
    { name = "typing-inspection" },
]
sdist = { url = "https://files.pythonhosted.org/packages/52/6d/fffca34caecc4a3f97bda81b2098da5e8ab7efc9a66e819074a11955d87e/pydantic_settings-2.13.1.tar.gz", hash = "sha256:b4c11847b15237fb0171e1462bf540e294affb9b86db4d9aa5c01730bdbe4025", size = 223826, upload-time = "2026-02-19T13:45:08.055Z" }
wheels = [
    { url = "https://files.pythonhosted.org/packages/00/4b/ccc026168948fec4f7555b9164c724cf4125eac006e176541483d2c959be/pydantic_settings-2.13.1-py3-none-any.whl", hash = "sha256:d56fd801823dbeae7f0975e1f8c8e25c258eb75d278ea7abb5d9cebb01b56237", size = 58929, upload-time = "2026-02-19T13:45:06.034Z" },
]

[[package]]
name = "pygments"
version = "2.20.0"
source = { registry = "https://pypi.org/simple" }
sdist = { url = "https://files.pythonhosted.org/packages/c3/b2/bc9c9196916376152d655522fdcebac55e66de6603a76a02bca1b6414f6c/pygments-2.20.0.tar.gz", hash = "sha256:6757cd03768053ff99f3039c1a36d6c0aa0b263438fcab17520b30a303a82b5f", size = 4955991, upload-time = "2026-03-29T13:29:33.898Z" }
wheels = [
    { url = "https://files.pythonhosted.org/packages/f4/7e/a72dd26f3b0f4f2bf1dd8923c85f7ceb43172af56d63c7383eb62b332364/pygments-2.20.0-py3-none-any.whl", hash = "sha256:81a9e26dd42fd28a23a2d169d86d7ac03b46e2f8b59ed4698fb4785f946d0176", size = 1231151, upload-time = "2026-03-29T13:29:30.038Z" },
]

[[package]]
name = "pytest"
version = "8.4.2"
source = { registry = "https://pypi.org/simple" }
dependencies = [
    { name = "colorama", marker = "sys_platform == 'win32'" },
    { name = "exceptiongroup" },
    { name = "iniconfig" },
    { name = "packaging" },
    { name = "pluggy" },
    { name = "pygments" },
    { name = "tomli" },
]
sdist = { url = "https://files.pythonhosted.org/packages/a3/5c/00a0e072241553e1a7496d638deababa67c5058571567b92a7eaa258397c/pytest-8.4.2.tar.gz", hash = "sha256:86c0d0b93306b961d58d62a4db4879f27fe25513d4b969df351abdddb3c30e01", size = 1519618, upload-time = "2025-09-04T14:34:22.711Z" }
wheels = [
    { url = "https://files.pythonhosted.org/packages/a8/a4/20da314d277121d6534b3a980b29035dcd51e6744bd79075a6ce8fa4eb8d/pytest-8.4.2-py3-none-any.whl", hash = "sha256:872f880de3fc3a5bdc88a11b39c9710c3497a547cfa9320bc3c5e62fbf272e79", size = 365750, upload-time = "2025-09-04T14:34:20.226Z" },
]

[[package]]
name = "python-dotenv"
version = "1.2.2"
source = { registry = "https://pypi.org/simple" }
sdist = { url = "https://files.pythonhosted.org/packages/82/ed/0301aeeac3e5353ef3d94b6ec08bbcabd04a72018415dcb29e588514bba8/python_dotenv-1.2.2.tar.gz", hash = "sha256:2c371a91fbd7ba082c2c1dc1f8bf89ca22564a087c2c287cd9b662adde799cf3", size = 50135, upload-time = "2026-03-01T16:00:26.196Z" }
wheels = [
    { url = "https://files.pythonhosted.org/packages/0b/d7/1959b9648791274998a9c3526f6d0ec8fd2233e4d4acce81bbae76b44b2a/python_dotenv-1.2.2-py3-none-any.whl", hash = "sha256:1d8214789a24de455a8b8bd8ae6fe3c6b69a5e3d64aa8a8e5d68e694bbcb285a", size = 22101, upload-time = "2026-03-01T16:00:25.09Z" },
]

[[package]]
name = "rich"
version = "15.0.0"
source = { registry = "https://pypi.org/simple" }
dependencies = [
    { name = "markdown-it-py" },
    { name = "pygments" },
]
sdist = { url = "https://files.pythonhosted.org/packages/c0/8f/0722ca900cc807c13a6a0c696dacf35430f72e0ec571c4275d2371fca3e9/rich-15.0.0.tar.gz", hash = "sha256:edd07a4824c6b40189fb7ac9bc4c52536e9780fbbfbddf6f1e2502c31b068c36", size = 230680, upload-time = "2026-04-12T08:24:00.75Z" }
wheels = [
    { url = "https://files.pythonhosted.org/packages/82/3b/64d4899d73f91ba49a8c18a8ff3f0ea8f1c1d75481760df8c68ef5235bf5/rich-15.0.0-py3-none-any.whl", hash = "sha256:33bd4ef74232fb73fe9279a257718407f169c09b78a87ad3d296f548e27de0bb", size = 310654, upload-time = "2026-04-12T08:24:02.83Z" },
]

[[package]]
name = "shellingham"
version = "1.5.4"
source = { registry = "https://pypi.org/simple" }
sdist = { url = "https://files.pythonhosted.org/packages/58/15/8b3609fd3830ef7b27b655beb4b4e9c62313a4e8da8c676e142cc210d58e/shellingham-1.5.4.tar.gz", hash = "sha256:8dbca0739d487e5bd35ab3ca4b36e11c4078f3a234bfce294b0a0291363404de", size = 10310, upload-time = "2023-10-24T04:13:40.426Z" }
wheels = [
    { url = "https://files.pythonhosted.org/packages/e0/f9/0595336914c5619e5f28a1fb793285925a8cd4b432c9da0a987836c7f822/shellingham-1.5.4-py2.py3-none-any.whl", hash = "sha256:7ecfff8f2fd72616f7481040475a65b2bf8af90a56c89140852d1120324e8686", size = 9755, upload-time = "2023-10-24T04:13:38.866Z" },
]

[[package]]
name = "soundfile"
version = "0.13.1"
source = { registry = "https://pypi.org/simple" }
dependencies = [
    { name = "cffi" },
    { name = "numpy" },
]
sdist = { url = "https://files.pythonhosted.org/packages/e1/41/9b873a8c055582859b239be17902a85339bec6a30ad162f98c9b0288a2cc/soundfile-0.13.1.tar.gz", hash = "sha256:b2c68dab1e30297317080a5b43df57e302584c49e2942defdde0acccc53f0e5b", size = 46156, upload-time = "2025-01-25T09:17:04.831Z" }
wheels = [
    { url = "https://files.pythonhosted.org/packages/64/28/e2a36573ccbcf3d57c00626a21fe51989380636e821b341d36ccca0c1c3a/soundfile-0.13.1-py2.py3-none-any.whl", hash = "sha256:a23c717560da2cf4c7b5ae1142514e0fd82d6bbd9dfc93a50423447142f2c445", size = 25751, upload-time = "2025-01-25T09:16:44.235Z" },
    { url = "https://files.pythonhosted.org/packages/ea/ab/73e97a5b3cc46bba7ff8650a1504348fa1863a6f9d57d7001c6b67c5f20e/soundfile-0.13.1-py2.py3-none-macosx_10_9_x86_64.whl", hash = "sha256:82dc664d19831933fe59adad199bf3945ad06d84bc111a5b4c0d3089a5b9ec33", size = 1142250, upload-time = "2025-01-25T09:16:47.583Z" },
    { url = "https://files.pythonhosted.org/packages/a0/e5/58fd1a8d7b26fc113af244f966ee3aecf03cb9293cb935daaddc1e455e18/soundfile-0.13.1-py2.py3-none-macosx_11_0_arm64.whl", hash = "sha256:743f12c12c4054921e15736c6be09ac26b3b3d603aef6fd69f9dde68748f2593", size = 1101406, upload-time = "2025-01-25T09:16:49.662Z" },
    { url = "https://files.pythonhosted.org/packages/58/ae/c0e4a53d77cf6e9a04179535766b3321b0b9ced5f70522e4caf9329f0046/soundfile-0.13.1-py2.py3-none-manylinux_2_28_aarch64.whl", hash = "sha256:9c9e855f5a4d06ce4213f31918653ab7de0c5a8d8107cd2427e44b42df547deb", size = 1235729, upload-time = "2025-01-25T09:16:53.018Z" },
    { url = "https://files.pythonhosted.org/packages/57/5e/70bdd9579b35003a489fc850b5047beeda26328053ebadc1fb60f320f7db/soundfile-0.13.1-py2.py3-none-manylinux_2_28_x86_64.whl", hash = "sha256:03267c4e493315294834a0870f31dbb3b28a95561b80b134f0bd3cf2d5f0e618", size = 1313646, upload-time = "2025-01-25T09:16:54.872Z" },
    { url = "https://files.pythonhosted.org/packages/fe/df/8c11dc4dfceda14e3003bb81a0d0edcaaf0796dd7b4f826ea3e532146bba/soundfile-0.13.1-py2.py3-none-win32.whl", hash = "sha256:c734564fab7c5ddf8e9be5bf70bab68042cd17e9c214c06e365e20d64f9a69d5", size = 899881, upload-time = "2025-01-25T09:16:56.663Z" },
    { url = "https://files.pythonhosted.org/packages/14/e9/6b761de83277f2f02ded7e7ea6f07828ec78e4b229b80e4ca55dd205b9dc/soundfile-0.13.1-py2.py3-none-win_amd64.whl", hash = "sha256:1e70a05a0626524a69e9f0f4dd2ec174b4e9567f4d8b6c11d38b5c289be36ee9", size = 1019162, upload-time = "2025-01-25T09:16:59.573Z" },
]

[[package]]
name = "tomli"
version = "2.4.1"
source = { registry = "https://pypi.org/simple" }
sdist = { url = "https://files.pythonhosted.org/packages/22/de/48c59722572767841493b26183a0d1cc411d54fd759c5607c4590b6563a6/tomli-2.4.1.tar.gz", hash = "sha256:7c7e1a961a0b2f2472c1ac5b69affa0ae1132c39adcb67aba98568702b9cc23f", size = 17543, upload-time = "2026-03-25T20:22:03.828Z" }
wheels = [
    { url = "https://files.pythonhosted.org/packages/7b/61/cceae43728b7de99d9b847560c262873a1f6c98202171fd5ed62640b494b/tomli-2.4.1-py3-none-any.whl", hash = "sha256:0d85819802132122da43cb86656f8d1f8c6587d54ae7dcaf30e90533028b49fe", size = 14583, upload-time = "2026-03-25T20:22:03.012Z" },
]

[[package]]
name = "typer"
version = "0.24.1"
source = { registry = "https://pypi.org/simple" }
dependencies = [
    { name = "annotated-doc" },
    { name = "click" },
    { name = "rich" },
    { name = "shellingham" },
]
sdist = { url = "https://files.pythonhosted.org/packages/f5/24/cb09efec5cc954f7f9b930bf8279447d24618bb6758d4f6adf2574c41780/typer-0.24.1.tar.gz", hash = "sha256:e39b4732d65fbdcde189ae76cf7cd48aeae72919dea1fdfc16593be016256b45", size = 118613, upload-time = "2026-02-21T16:54:40.609Z" }
wheels = [
    { url = "https://files.pythonhosted.org/packages/4a/91/48db081e7a63bb37284f9fbcefda7c44c277b18b0e13fbc36ea2335b71e6/typer-0.24.1-py3-none-any.whl", hash = "sha256:112c1f0ce578bfb4cab9ffdabc68f031416ebcc216536611ba21f04e9aa84c9e", size = 56085, upload-time = "2026-02-21T16:54:41.616Z" },
]

[[package]]
name = "typing-extensions"
version = "4.15.0"
source = { registry = "https://pypi.org/simple" }
sdist = { url = "https://files.pythonhosted.org/packages/72/94/1a15dd82efb362ac84269196e94cf00f187f7ed21c242792a923cdb1c61f/typing_extensions-4.15.0.tar.gz", hash = "sha256:0cea48d173cc12fa28ecabc3b837ea3cf6f38c6d1136f85cbaaf598984861466", size = 109391, upload-time = "2025-08-25T13:49:26.313Z" }
wheels = [
    { url = "https://files.pythonhosted.org/packages/18/67/36e9267722cc04a6b9f15c7f3441c2363321a3ea07da7ae0c0707beb2a9c/typing_extensions-4.15.0-py3-none-any.whl", hash = "sha256:f0fa19c6845758ab08074a0cfa8b7aecb71c999ca73d62883bc25cc018c4e548", size = 44614, upload-time = "2025-08-25T13:49:24.86Z" },
]

[[package]]
name = "typing-inspection"
version = "0.4.2"
source = { registry = "https://pypi.org/simple" }
dependencies = [
    { name = "typing-extensions" },
]
sdist = { url = "https://files.pythonhosted.org/packages/55/e3/70399cb7dd41c10ac53367ae42139cf4b1ca5f36bb3dc6c9d33acdb43655/typing_inspection-0.4.2.tar.gz", hash = "sha256:ba561c48a67c5958007083d386c3295464928b01faa735ab8547c5692e87f464", size = 75949, upload-time = "2025-10-01T02:14:41.687Z" }
wheels = [
    { url = "https://files.pythonhosted.org/packages/dc/9b/47798a6c91d8bdb567fe2698fe81e0c6b7cb7ef4d13da4114b41d239f65d/typing_inspection-0.4.2-py3-none-any.whl", hash = "sha256:4ed1cacbdc298c220f1bd249ed5287caa16f34d44ef4e9c3d0cbad5b521545e7", size = 14611, upload-time = "2025-10-01T02:14:40.154Z" },
]

[[package]]
name = "voice-tts"
version = "0.3.0"
source = { editable = "." }
dependencies = [
    { name = "numpy" },
    { name = "pydantic" },
    { name = "pydantic-settings" },
    { name = "soundfile" },
    { name = "typer" },
]

[package.dev-dependencies]
dev = [
    { name = "pytest" },
]

[package.metadata]
requires-dist = [
    { name = "numpy", specifier = ">=2.2,<3.0" },
    { name = "pydantic", specifier = ">=2.11,<3.0" },
    { name = "pydantic-settings", specifier = ">=2.10,<3.0" },
    { name = "soundfile", specifier = ">=0.13,<1.0" },
    { name = "typer", specifier = ">=0.16,<1.0" },
]

[package.metadata.requires-dev]
dev = [{ name = "pytest", specifier = ">=8.4,<9.0" }]
